// !$*UTF8*$!
{
	archiveVersion = 1;
	classes = {
	};
	objectVersion = 46;
	objects = {

/* Begin PBXBuildFile section */
		E6605CA21AEC69EA00844D15 /* AppDelegate.swift in Sources */ = {isa = PBXBuildFile; fileRef = E6605CA11AEC69EA00844D15 /* AppDelegate.swift */; };
		E6605CA51AEC69EA00844D15 /* Instaclimb.xcdatamodeld in Sources */ = {isa = PBXBuildFile; fileRef = E6605CA31AEC69EA00844D15 /* Instaclimb.xcdatamodeld */; };
		E6605CA71AEC69EA00844D15 /* ViewController.swift in Sources */ = {isa = PBXBuildFile; fileRef = E6605CA61AEC69EA00844D15 /* ViewController.swift */; };
		E6605CAA1AEC69EA00844D15 /* Main.storyboard in Resources */ = {isa = PBXBuildFile; fileRef = E6605CA81AEC69EA00844D15 /* Main.storyboard */; };
		E6605CAC1AEC69EA00844D15 /* Images.xcassets in Resources */ = {isa = PBXBuildFile; fileRef = E6605CAB1AEC69EA00844D15 /* Images.xcassets */; };
		E6605CAF1AEC69EA00844D15 /* LaunchScreen.xib in Resources */ = {isa = PBXBuildFile; fileRef = E6605CAD1AEC69EA00844D15 /* LaunchScreen.xib */; };
		E6605CBB1AEC69EB00844D15 /* InstaclimbTests.swift in Sources */ = {isa = PBXBuildFile; fileRef = E6605CBA1AEC69EB00844D15 /* InstaclimbTests.swift */; };
		E6605CC51AEC81CE00844D15 /* Problem.swift in Sources */ = {isa = PBXBuildFile; fileRef = E6605CC41AEC81CE00844D15 /* Problem.swift */; };
/* End PBXBuildFile section */

/* Begin PBXContainerItemProxy section */
		E6605CB51AEC69EB00844D15 /* PBXContainerItemProxy */ = {
			isa = PBXContainerItemProxy;
			containerPortal = E6605C941AEC69EA00844D15 /* Project object */;
			proxyType = 1;
			remoteGlobalIDString = E6605C9B1AEC69EA00844D15;
			remoteInfo = Instaclimb;
		};
/* End PBXContainerItemProxy section */

/* Begin PBXFileReference section */
		E6605C9C1AEC69EA00844D15 /* Instaclimb.app */ = {isa = PBXFileReference; explicitFileType = wrapper.application; includeInIndex = 0; path = Instaclimb.app; sourceTree = BUILT_PRODUCTS_DIR; };
		E6605CA01AEC69EA00844D15 /* Info.plist */ = {isa = PBXFileReference; lastKnownFileType = text.plist.xml; path = Info.plist; sourceTree = "<group>"; };
		E6605CA11AEC69EA00844D15 /* AppDelegate.swift */ = {isa = PBXFileReference; lastKnownFileType = sourcecode.swift; path = AppDelegate.swift; sourceTree = "<group>"; };
		E6605CA41AEC69EA00844D15 /* Instaclimb.xcdatamodel */ = {isa = PBXFileReference; lastKnownFileType = wrapper.xcdatamodel; path = Instaclimb.xcdatamodel; sourceTree = "<group>"; };
		E6605CA61AEC69EA00844D15 /* ViewController.swift */ = {isa = PBXFileReference; lastKnownFileType = sourcecode.swift; path = ViewController.swift; sourceTree = "<group>"; };
		E6605CA91AEC69EA00844D15 /* Base */ = {isa = PBXFileReference; lastKnownFileType = file.storyboard; name = Base; path = Base.lproj/Main.storyboard; sourceTree = "<group>"; };
		E6605CAB1AEC69EA00844D15 /* Images.xcassets */ = {isa = PBXFileReference; lastKnownFileType = folder.assetcatalog; path = Images.xcassets; sourceTree = "<group>"; };
		E6605CAE1AEC69EA00844D15 /* Base */ = {isa = PBXFileReference; lastKnownFileType = file.xib; name = Base; path = Base.lproj/LaunchScreen.xib; sourceTree = "<group>"; };
		E6605CB41AEC69EB00844D15 /* InstaclimbTests.xctest */ = {isa = PBXFileReference; explicitFileType = wrapper.cfbundle; includeInIndex = 0; path = InstaclimbTests.xctest; sourceTree = BUILT_PRODUCTS_DIR; };
		E6605CB91AEC69EB00844D15 /* Info.plist */ = {isa = PBXFileReference; lastKnownFileType = text.plist.xml; path = Info.plist; sourceTree = "<group>"; };
		E6605CBA1AEC69EB00844D15 /* InstaclimbTests.swift */ = {isa = PBXFileReference; lastKnownFileType = sourcecode.swift; path = InstaclimbTests.swift; sourceTree = "<group>"; };
		E6605CC41AEC81CE00844D15 /* Problem.swift */ = {isa = PBXFileReference; fileEncoding = 4; lastKnownFileType = sourcecode.swift; path = Problem.swift; sourceTree = "<group>"; };
/* End PBXFileReference section */

/* Begin PBXFrameworksBuildPhase section */
		E6605C991AEC69EA00844D15 /* Frameworks */ = {
			isa = PBXFrameworksBuildPhase;
			buildActionMask = 2147483647;
			files = (
			);
			runOnlyForDeploymentPostprocessing = 0;
		};
		E6605CB11AEC69EB00844D15 /* Frameworks */ = {
			isa = PBXFrameworksBuildPhase;
			buildActionMask = 2147483647;
			files = (
			);
			runOnlyForDeploymentPostprocessing = 0;
		};
/* End PBXFrameworksBuildPhase section */

/* Begin PBXGroup section */
		E6605C931AEC69EA00844D15 = {
			isa = PBXGroup;
			children = (
				E6605C9E1AEC69EA00844D15 /* Instaclimb */,
				E6605CB71AEC69EB00844D15 /* InstaclimbTests */,
				E6605C9D1AEC69EA00844D15 /* Products */,
			);
			sourceTree = "<group>";
		};
		E6605C9D1AEC69EA00844D15 /* Products */ = {
			isa = PBXGroup;
			children = (
				E6605C9C1AEC69EA00844D15 /* Instaclimb.app */,
				E6605CB41AEC69EB00844D15 /* InstaclimbTests.xctest */,
			);
			name = Products;
			sourceTree = "<group>";
		};
		E6605C9E1AEC69EA00844D15 /* Instaclimb */ = {
			isa = PBXGroup;
			children = (
				E6605CA11AEC69EA00844D15 /* AppDelegate.swift */,
				E6605CA61AEC69EA00844D15 /* ViewController.swift */,
				E6605CA81AEC69EA00844D15 /* Main.storyboard */,
				E6605CAB1AEC69EA00844D15 /* Images.xcassets */,
				E6605CAD1AEC69EA00844D15 /* LaunchScreen.xib */,
				E6605CA31AEC69EA00844D15 /* Instaclimb.xcdatamodeld */,
				E6605C9F1AEC69EA00844D15 /* Supporting Files */,
				E6605CC41AEC81CE00844D15 /* Problem.swift */,
			);
			path = Instaclimb;
			sourceTree = "<group>";
		};
		E6605C9F1AEC69EA00844D15 /* Supporting Files */ = {
			isa = PBXGroup;
			children = (
				E6605CA01AEC69EA00844D15 /* Info.plist */,
			);
			name = "Supporting Files";
			sourceTree = "<group>";
		};
		E6605CB71AEC69EB00844D15 /* InstaclimbTests */ = {
			isa = PBXGroup;
			children = (
				E6605CBA1AEC69EB00844D15 /* InstaclimbTests.swift */,
				E6605CB81AEC69EB00844D15 /* Supporting Files */,
			);
			path = InstaclimbTests;
			sourceTree = "<group>";
		};
		E6605CB81AEC69EB00844D15 /* Supporting Files */ = {
			isa = PBXGroup;
			children = (
				E6605CB91AEC69EB00844D15 /* Info.plist */,
			);
			name = "Supporting Files";
			sourceTree = "<group>";
		};
/* End PBXGroup section */

/* Begin PBXNativeTarget section */
		E6605C9B1AEC69EA00844D15 /* Instaclimb */ = {
			isa = PBXNativeTarget;
			buildConfigurationList = E6605CBE1AEC69EB00844D15 /* Build configuration list for PBXNativeTarget "Instaclimb" */;
			buildPhases = (
				E6605C981AEC69EA00844D15 /* Sources */,
				E6605C991AEC69EA00844D15 /* Frameworks */,
				E6605C9A1AEC69EA00844D15 /* Resources */,
			);
			buildRules = (
			);
			dependencies = (
			);
			name = Instaclimb;
			productName = Instaclimb;
			productReference = E6605C9C1AEC69EA00844D15 /* Instaclimb.app */;
			productType = "com.apple.product-type.application";
		};
		E6605CB31AEC69EB00844D15 /* InstaclimbTests */ = {
			isa = PBXNativeTarget;
			buildConfigurationList = E6605CC11AEC69EB00844D15 /* Build configuration list for PBXNativeTarget "InstaclimbTests" */;
			buildPhases = (
				E6605CB01AEC69EB00844D15 /* Sources */,
				E6605CB11AEC69EB00844D15 /* Frameworks */,
				E6605CB21AEC69EB00844D15 /* Resources */,
			);
			buildRules = (
			);
			dependencies = (
				E6605CB61AEC69EB00844D15 /* PBXTargetDependency */,
			);
			name = InstaclimbTests;
			productName = InstaclimbTests;
			productReference = E6605CB41AEC69EB00844D15 /* InstaclimbTests.xctest */;
			productType = "com.apple.product-type.bundle.unit-test";
		};
/* End PBXNativeTarget section */

/* Begin PBXProject section */
		E6605C941AEC69EA00844D15 /* Project object */ = {
			isa = PBXProject;
			attributes = {
				LastUpgradeCheck = 0630;
				ORGANIZATIONNAME = "JL Corp";
				TargetAttributes = {
					E6605C9B1AEC69EA00844D15 = {
						CreatedOnToolsVersion = 6.3.1;
					};
					E6605CB31AEC69EB00844D15 = {
						CreatedOnToolsVersion = 6.3.1;
						TestTargetID = E6605C9B1AEC69EA00844D15;
					};
				};
			};
			buildConfigurationList = E6605C971AEC69EA00844D15 /* Build configuration list for PBXProject "Instaclimb" */;
			compatibilityVersion = "Xcode 3.2";
			developmentRegion = English;
			hasScannedForEncodings = 0;
			knownRegions = (
				en,
				Base,
			);
			mainGroup = E6605C931AEC69EA00844D15;
			productRefGroup = E6605C9D1AEC69EA00844D15 /* Products */;
			projectDirPath = "";
			projectRoot = "";
			targets = (
				E6605C9B1AEC69EA00844D15 /* Instaclimb */,
				E6605CB31AEC69EB00844D15 /* InstaclimbTests */,
			);
		};
/* End PBXProject section */

/* Begin PBXResourcesBuildPhase section */
		E6605C9A1AEC69EA00844D15 /* Resources */ = {
			isa = PBXResourcesBuildPhase;
			buildActionMask = 2147483647;
			files = (
				E6605CAA1AEC69EA00844D15 /* Main.storyboard in Resources */,
				E6605CAF1AEC69EA00844D15 /* LaunchScreen.xib in Resources */,
				E6605CAC1AEC69EA00844D15 /* Images.xcassets in Resources */,
			);
			runOnlyForDeploymentPostprocessing = 0;
		};
		E6605CB21AEC69EB00844D15 /* Resources */ = {
			isa = PBXResourcesBuildPhase;
			buildActionMask = 2147483647;
			files = (
			);
			runOnlyForDeploymentPostprocessing = 0;
		};
/* End PBXResourcesBuildPhase section */

/* Begin PBXSourcesBuildPhase section */
		E6605C981AEC69EA00844D15 /* Sources */ = {
			isa = PBXSourcesBuildPhase;
			buildActionMask = 2147483647;
			files = (
				E6605CA71AEC69EA00844D15 /* ViewController.swift in Sources */,
				E6605CC51AEC81CE00844D15 /* Problem.swift in Sources */,
				E6605CA21AEC69EA00844D15 /* AppDelegate.swift in Sources */,
				E6605CA51AEC69EA00844D15 /* Instaclimb.xcdatamodeld in Sources */,
			);
			runOnlyForDeploymentPostprocessing = 0;
		};
		E6605CB01AEC69EB00844D15 /* Sources */ = {
			isa = PBXSourcesBuildPhase;
			buildActionMask = 2147483647;
			files = (
				E6605CBB1AEC69EB00844D15 /* InstaclimbTests.swift in Sources */,
			);
			runOnlyForDeploymentPostprocessing = 0;
		};
/* End PBXSourcesBuildPhase section */

/* Begin PBXTargetDependency section */
		E6605CB61AEC69EB00844D15 /* PBXTargetDependency */ = {
			isa = PBXTargetDependency;
			target = E6605C9B1AEC69EA00844D15 /* Instaclimb */;
			targetProxy = E6605CB51AEC69EB00844D15 /* PBXContainerItemProxy */;
		};
/* End PBXTargetDependency section */

/* Begin PBXVariantGroup section */
		E6605CA81AEC69EA00844D15 /* Main.storyboard */ = {
			isa = PBXVariantGroup;
			children = (
				E6605CA91AEC69EA00844D15 /* Base */,
			);
			name = Main.storyboard;
			sourceTree = "<group>";
		};
		E6605CAD1AEC69EA00844D15 /* LaunchScreen.xib */ = {
			isa = PBXVariantGroup;
			children = (
				E6605CAE1AEC69EA00844D15 /* Base */,
			);
			name = LaunchScreen.xib;
			sourceTree = "<group>";
		};
/* End PBXVariantGroup section */

/* Begin XCBuildConfiguration section */
		E6605CBC1AEC69EB00844D15 /* Debug */ = {
			isa = XCBuildConfiguration;
			buildSettings = {
				ALWAYS_SEARCH_USER_PATHS = NO;
				CLANG_CXX_LANGUAGE_STANDARD = "gnu++0x";
				CLANG_CXX_LIBRARY = "libc++";
				CLANG_ENABLE_MODULES = YES;
				CLANG_ENABLE_OBJC_ARC = YES;
				CLANG_WARN_BOOL_CONVERSION = YES;
				CLANG_WARN_CONSTANT_CONVERSION = YES;
				CLANG_WARN_DIRECT_OBJC_ISA_USAGE = YES_ERROR;
				CLANG_WARN_EMPTY_BODY = YES;
				CLANG_WARN_ENUM_CONVERSION = YES;
				CLANG_WARN_INT_CONVERSION = YES;
				CLANG_WARN_OBJC_ROOT_CLASS = YES_ERROR;
				CLANG_WARN_UNREACHABLE_CODE = YES;
				CLANG_WARN__DUPLICATE_METHOD_MATCH = YES;
				"CODE_SIGN_IDENTITY[sdk=iphoneos*]" = "iPhone Developer";
				COPY_PHASE_STRIP = NO;
				DEBUG_INFORMATION_FORMAT = "dwarf-with-dsym";
				ENABLE_STRICT_OBJC_MSGSEND = YES;
				GCC_C_LANGUAGE_STANDARD = gnu99;
				GCC_DYNAMIC_NO_PIC = NO;
				GCC_NO_COMMON_BLOCKS = YES;
				GCC_OPTIMIZATION_LEVEL = 0;
				GCC_PREPROCESSOR_DEFINITIONS = (
					"DEBUG=1",
					"$(inherited)",
				);
				GCC_SYMBOLS_PRIVATE_EXTERN = NO;
				GCC_WARN_64_TO_32_BIT_CONVERSION = YES;
				GCC_WARN_ABOUT_RETURN_TYPE = YES_ERROR;
				GCC_WARN_UNDECLARED_SELECTOR = YES;
				GCC_WARN_UNINITIALIZED_AUTOS = YES_AGGRESSIVE;
				GCC_WARN_UNUSED_FUNCTION = YES;
				GCC_WARN_UNUSED_VARIABLE = YES;
				IPHONEOS_DEPLOYMENT_TARGET = 8.3;
				MTL_ENABLE_DEBUG_INFO = YES;
				ONLY_ACTIVE_ARCH = YES;
				SDKROOT = iphoneos;
				SWIFT_OPTIMIZATION_LEVEL = "-Onone";
			};
			name = Debug;
		};
		E6605CBD1AEC69EB00844D15 /* Release */ = {
			isa = XCBuildConfiguration;
			buildSettings = {
				ALWAYS_SEARCH_USER_PATHS = NO;
				CLANG_CXX_LANGUAGE_STANDARD = "gnu++0x";
				CLANG_CXX_LIBRARY = "libc++";
				CLANG_ENABLE_MODULES = YES;
				CLANG_ENABLE_OBJC_ARC = YES;
				CLANG_WARN_BOOL_CONVERSION = YES;
				CLANG_WARN_CONSTANT_CONVERSION = YES;
				CLANG_WARN_DIRECT_OBJC_ISA_USAGE = YES_ERROR;
				CLANG_WARN_EMPTY_BODY = YES;
				CLANG_WARN_ENUM_CONVERSION = YES;
				CLANG_WARN_INT_CONVERSION = YES;
				CLANG_WARN_OBJC_ROOT_CLASS = YES_ERROR;
				CLANG_WARN_UNREACHABLE_CODE = YES;
				CLANG_WARN__DUPLICATE_METHOD_MATCH = YES;
				"CODE_SIGN_IDENTITY[sdk=iphoneos*]" = "iPhone Developer";
				COPY_PHASE_STRIP = NO;
				DEBUG_INFORMATION_FORMAT = "dwarf-with-dsym";
				ENABLE_NS_ASSERTIONS = NO;
				ENABLE_STRICT_OBJC_MSGSEND = YES;
				GCC_C_LANGUAGE_STANDARD = gnu99;
				GCC_NO_COMMON_BLOCKS = YES;
				GCC_WARN_64_TO_32_BIT_CONVERSION = YES;
				GCC_WARN_ABOUT_RETURN_TYPE = YES_ERROR;
				GCC_WARN_UNDECLARED_SELECTOR = YES;
				GCC_WARN_UNINITIALIZED_AUTOS = YES_AGGRESSIVE;
				GCC_WARN_UNUSED_FUNCTION = YES;
				GCC_WARN_UNUSED_VARIABLE = YES;
				IPHONEOS_DEPLOYMENT_TARGET = 8.3;
				MTL_ENABLE_DEBUG_INFO = NO;
				SDKROOT = iphoneos;
				VALIDATE_PRODUCT = YES;
			};
			name = Release;
		};
		E6605CBF1AEC69EB00844D15 /* Debug */ = {
			isa = XCBuildConfiguration;
			buildSettings = {
				ASSETCATALOG_COMPILER_APPICON_NAME = AppIcon;
				INFOPLIST_FILE = Instaclimb/Info.plist;
				LD_RUNPATH_SEARCH_PATHS = "$(inherited) @executable_path/Frameworks";
				PRODUCT_NAME = "$(TARGET_NAME)";
			};
			name = Debug;
		};
		E6605CC01AEC69EB00844D15 /* Release */ = {
			isa = XCBuildConfiguration;
			buildSettings = {
				ASSETCATALOG_COMPILER_APPICON_NAME = AppIcon;
				INFOPLIST_FILE = Instaclimb/Info.plist;
				LD_RUNPATH_SEARCH_PATHS = "$(inherited) @executable_path/Frameworks";
				PRODUCT_NAME = "$(TARGET_NAME)";
			};
			name = Release;
		};
		E6605CC21AEC69EB00844D15 /* Debug */ = {
			isa = XCBuildConfiguration;
			buildSettings = {
				BUNDLE_LOADER = "$(TEST_HOST)";
				FRAMEWORK_SEARCH_PATHS = (
					"$(SDKROOT)/Developer/Library/Frameworks",
					"$(inherited)",
				);
				GCC_PREPROCESSOR_DEFINITIONS = (
					"DEBUG=1",
					"$(inherited)",
				);
				INFOPLIST_FILE = InstaclimbTests/Info.plist;
				LD_RUNPATH_SEARCH_PATHS = "$(inherited) @executable_path/Frameworks @loader_path/Frameworks";
				PRODUCT_NAME = "$(TARGET_NAME)";
				TEST_HOST = "$(BUILT_PRODUCTS_DIR)/Instaclimb.app/Instaclimb";
			};
			name = Debug;
		};
		E6605CC31AEC69EB00844D15 /* Release */ = {
			isa = XCBuildConfiguration;
			buildSettings = {
				BUNDLE_LOADER = "$(TEST_HOST)";
				FRAMEWORK_SEARCH_PATHS = (
					"$(SDKROOT)/Developer/Library/Frameworks",
					"$(inherited)",
				);
				INFOPLIST_FILE = InstaclimbTests/Info.plist;
				LD_RUNPATH_SEARCH_PATHS = "$(inherited) @executable_path/Frameworks @loader_path/Frameworks";
				PRODUCT_NAME = "$(TARGET_NAME)";
				TEST_HOST = "$(BUILT_PRODUCTS_DIR)/Instaclimb.app/Instaclimb";
			};
			name = Release;
		};
/* End XCBuildConfiguration section */

/* Begin XCConfigurationList section */
		E6605C971AEC69EA00844D15 /* Build configuration list for PBXProject "Instaclimb" */ = {
			isa = XCConfigurationList;
			buildConfigurations = (
				E6605CBC1AEC69EB00844D15 /* Debug */,
				E6605CBD1AEC69EB00844D15 /* Release */,
			);
			defaultConfigurationIsVisible = 0;
			defaultConfigurationName = Release;
		};
		E6605CBE1AEC69EB00844D15 /* Build configuration list for PBXNativeTarget "Instaclimb" */ = {
			isa = XCConfigurationList;
			buildConfigurations = (
				E6605CBF1AEC69EB00844D15 /* Debug */,
				E6605CC01AEC69EB00844D15 /* Release */,
			);
			defaultConfigurationIsVisible = 0;
		};
		E6605CC11AEC69EB00844D15 /* Build configuration list for PBXNativeTarget "InstaclimbTests" */ = {
			isa = XCConfigurationList;
			buildConfigurations = (
				E6605CC21AEC69EB00844D15 /* Debug */,
				E6605CC31AEC69EB00844D15 /* Release */,
			);
			defaultConfigurationIsVisible = 0;
		};
/* End XCConfigurationList section */

/* Begin XCVersionGroup section */
		E6605CA31AEC69EA00844D15 /* Instaclimb.xcdatamodeld */ = {
			isa = XCVersionGroup;
			children = (
				E6605CA41AEC69EA00844D15 /* Instaclimb.xcdatamodel */,
			);
			currentVersion = E6605CA41AEC69EA00844D15 /* Instaclimb.xcdatamodel */;
			path = Instaclimb.xcdatamodeld;
			sourceTree = "<group>";
			versionGroupType = wrapper.xcdatamodel;
		};
/* End XCVersionGroup section */
	};
	rootObject = E6605C941AEC69EA00844D15 /* Project object */;
}
